schema: '2.0'
stages:
  data_ingesetion:
    cmd: python src/cnnClassifier/pipeline/stage_01_data_ingestion.py
    deps:
    - path: config/config.yaml
      hash: md5
      md5: 22cebb22a816df9079c31d2dcffa0c8b
      size: 806
    - path: src/cnnClassifier/pipeline/stage_01_data_ingestion.py
      hash: md5
      md5: 352f8ad96be0efaee6f3d6554730b140
      size: 847
    outs:
    - path: artifacts/data_ingestion/Chicken-fecal-images
      hash: md5
      md5: 9e1f8dd2eae3c29e9d635df89d438ae4.dir
      size: 12207807
      nfiles: 390
  prepare_base_model:
    cmd: python src/cnnClassifier/pipeline/stage_02_prepare_base_model.py
    deps:
    - path: config/config.yaml
      hash: md5
      md5: 22cebb22a816df9079c31d2dcffa0c8b
      size: 806
    - path: src/cnnClassifier/pipeline/stage_02_prepare_base_model.py
      hash: md5
      md5: 81d9d0030213b621ee24000f5dde9013
      size: 970
    params:
      params.yaml:
        CLASSES: 2
        IMAGE_SIZE:
        - 224
        - 224
        - 3
        INCLUDE_TOP: false
        LEARNING_RATE: 0.01
        WEIGHTS: imagenet
    outs:
    - path: artifacts/prepare_base_model
      hash: md5
      md5: 11b7b111039bf6332425795d025f7754.dir
      size: 118059248
      nfiles: 2
  training:
    cmd: python src/cnnClassifier/pipeline/stage_03_training.py
    deps:
    - path: artifacts/data_ingestion/Chicken-fecal-images
      hash: md5
      md5: 9e1f8dd2eae3c29e9d635df89d438ae4.dir
      size: 12207807
      nfiles: 390
    - path: artifacts/prepare_base_model
      hash: md5
      md5: 11b7b111039bf6332425795d025f7754.dir
      size: 118059248
      nfiles: 2
    - path: config/config.yaml
      hash: md5
      md5: 22cebb22a816df9079c31d2dcffa0c8b
      size: 806
    - path: src/cnnClassifier/components/prepare_callbacks.py
      hash: md5
      md5: b287a56bcaaacf163be2701d90ff3b39
      size: 1003
    - path: src/cnnClassifier/pipeline/stage_03_training.py
      hash: md5
      md5: 5b0804fd7e690c4f43ed4dae469108cf
      size: 1138
    params:
      params.yaml:
        AUGMENTATION: true
        BATCH_SIZE: 16
        EPOCHS: 5
        IMAGE_SIZE:
        - 224
        - 224
        - 3
    outs:
    - path: artifacts/training/model.h5
      hash: md5
      md5: a581bfd0a83d037f6bf18435055cd81d
      size: 59340720
  evaluation:
    cmd: python src/cnnClassifier/pipeline/stage_04_evaluation.py
    deps:
    - path: artifacts/data_ingestion/Chicken-fecal-images
      hash: md5
      md5: 9e1f8dd2eae3c29e9d635df89d438ae4.dir
      size: 12207807
      nfiles: 390
    - path: artifacts/training/model.h5
      hash: md5
      md5: a581bfd0a83d037f6bf18435055cd81d
      size: 59340720
    - path: config/config.yaml
      hash: md5
      md5: 22cebb22a816df9079c31d2dcffa0c8b
      size: 806
    - path: src/cnnClassifier/pipeline/stage_04_evaluation.py
      hash: md5
      md5: 55acc3a5ec2b52c6678eeedef61698f0
      size: 755
    params:
      params.yaml:
        BATCH_SIZE: 16
        IMAGE_SIZE:
        - 224
        - 224
        - 3
    outs:
    - path: score.json
      hash: md5
      md5: c34ff157052634d58c7c4fec698124d8
      size: 73
